
Microsoft Visual Studio Solution File, Format Version 12.00
# Visual Studio Version 16
VisualStudioVersion = 16.0.32602.291
MinimumVisualStudioVersion = 10.0.40219.1
Project("{FAE04EC0-301F-11D3-BF4B-00C04F79EFBC}") = "DataBaseFirst-Submission-Assignment", "DataBaseFirst-Submission-Assignment\DataBaseFirst-Submission-Assignment.csproj", "{1E0149EF-34AA-4CEE-AC70-A41749088DBD}"
EndProject
Global
	GlobalSection(SolutionConfigurationPlatforms) = preSolution
		Debug|Any CPU = Debug|Any CPU
		Release|Any CPU = Release|Any CPU
	EndGlobalSection
	GlobalSection(ProjectConfigurationPlatforms) = postSolution
		{1E0149EF-34AA-4CEE-AC70-A41749088DBD}.Debug|Any CPU.ActiveCfg = Debug|Any CPU
		{1E0149EF-34AA-4CEE-AC70-A41749088DBD}.Debug|Any CPU.Build.0 = Debug|Any CPU
		{1E0149EF-34AA-4CEE-AC70-A41749088DBD}.Release|Any CPU.ActiveCfg = Release|Any CPU
		{1E0149EF-34AA-4CEE-AC70-A41749088DBD}.Release|Any CPU.Build.0 = Release|Any CPU
	EndGlobalSection
	GlobalSection(SolutionProperties) = preSolution
		HideSolutionNode = FALSE
	EndGlobalSection
	GlobalSection(ExtensibilityGlobals) = postSolution
		SolutionGuid = {2747C964-87AD-4C2A-AE42-899ADB754674}
	EndGlobalSection
EndGlobal
