
Microsoft Visual Studio Solution File, Format Version 12.00
# Visual Studio Version 16
VisualStudioVersion = 16.0.32602.291
MinimumVisualStudioVersion = 10.0.40219.1
Project("{FAE04EC0-301F-11D3-BF4B-00C04F79EFBC}") = "StringsAndIntegers-Submission-Assignment", "StringsAndIntegers-Submission-Assignment\StringsAndIntegers-Submission-Assignment.csproj", "{29A728F5-D68E-4E84-8C83-B2F0E854D794}"
EndProject
Global
	GlobalSection(SolutionConfigurationPlatforms) = preSolution
		Debug|Any CPU = Debug|Any CPU
		Release|Any CPU = Release|Any CPU
	EndGlobalSection
	GlobalSection(ProjectConfigurationPlatforms) = postSolution
		{29A728F5-D68E-4E84-8C83-B2F0E854D794}.Debug|Any CPU.ActiveCfg = Debug|Any CPU
		{29A728F5-D68E-4E84-8C83-B2F0E854D794}.Debug|Any CPU.Build.0 = Debug|Any CPU
		{29A728F5-D68E-4E84-8C83-B2F0E854D794}.Release|Any CPU.ActiveCfg = Release|Any CPU
		{29A728F5-D68E-4E84-8C83-B2F0E854D794}.Release|Any CPU.Build.0 = Release|Any CPU
	EndGlobalSection
	GlobalSection(SolutionProperties) = preSolution
		HideSolutionNode = FALSE
	EndGlobalSection
	GlobalSection(ExtensibilityGlobals) = postSolution
		SolutionGuid = {B530770F-A236-4318-B3F3-5477E505F12C}
	EndGlobalSection
EndGlobal
