
Microsoft Visual Studio Solution File, Format Version 12.00
# Visual Studio Version 16
VisualStudioVersion = 16.0.32602.291
MinimumVisualStudioVersion = 10.0.40219.1
Project("{FAE04EC0-301F-11D3-BF4B-00C04F79EFBC}") = "HelloWorld", "HelloWorld\HelloWorld.csproj", "{4854387B-D299-4B87-B412-1CC22C26DD7A}"
EndProject
Global
	GlobalSection(SolutionConfigurationPlatforms) = preSolution
		Debug|Any CPU = Debug|Any CPU
		Release|Any CPU = Release|Any CPU
	EndGlobalSection
	GlobalSection(ProjectConfigurationPlatforms) = postSolution
		{4854387B-D299-4B87-B412-1CC22C26DD7A}.Debug|Any CPU.ActiveCfg = Debug|Any CPU
		{4854387B-D299-4B87-B412-1CC22C26DD7A}.Debug|Any CPU.Build.0 = Debug|Any CPU
		{4854387B-D299-4B87-B412-1CC22C26DD7A}.Release|Any CPU.ActiveCfg = Release|Any CPU
		{4854387B-D299-4B87-B412-1CC22C26DD7A}.Release|Any CPU.Build.0 = Release|Any CPU
	EndGlobalSection
	GlobalSection(SolutionProperties) = preSolution
		HideSolutionNode = FALSE
	EndGlobalSection
	GlobalSection(ExtensibilityGlobals) = postSolution
		SolutionGuid = {90A15AF9-FF26-4652-B0A5-29D29E0F2BDF}
	EndGlobalSection
EndGlobal
