
Microsoft Visual Studio Solution File, Format Version 12.00
# Visual Studio Version 16
VisualStudioVersion = 16.0.32602.291
MinimumVisualStudioVersion = 10.0.40219.1
Project("{FAE04EC0-301F-11D3-BF4B-00C04F79EFBC}") = "BasicMVCApp", "Basic-MVC-App\BasicMVCApp.csproj", "{33B82412-E6D5-4EA2-A542-B5EE480A45EB}"
EndProject
Global
	GlobalSection(SolutionConfigurationPlatforms) = preSolution
		Debug|Any CPU = Debug|Any CPU
		Release|Any CPU = Release|Any CPU
	EndGlobalSection
	GlobalSection(ProjectConfigurationPlatforms) = postSolution
		{33B82412-E6D5-4EA2-A542-B5EE480A45EB}.Debug|Any CPU.ActiveCfg = Debug|Any CPU
		{33B82412-E6D5-4EA2-A542-B5EE480A45EB}.Debug|Any CPU.Build.0 = Debug|Any CPU
		{33B82412-E6D5-4EA2-A542-B5EE480A45EB}.Release|Any CPU.ActiveCfg = Release|Any CPU
		{33B82412-E6D5-4EA2-A542-B5EE480A45EB}.Release|Any CPU.Build.0 = Release|Any CPU
	EndGlobalSection
	GlobalSection(SolutionProperties) = preSolution
		HideSolutionNode = FALSE
	EndGlobalSection
	GlobalSection(ExtensibilityGlobals) = postSolution
		SolutionGuid = {5EF4CC97-283B-478E-A2A9-153FB52AF38D}
	EndGlobalSection
EndGlobal
